// !$*UTF8*$!
{
	archiveVersion = 1;
	classes = {
	};
	objectVersion = 77;
	objects = {

/* Begin PBXBuildFile section */
		0525563B5E4FF6475D0ACEDF /* IOSSDKSampleBuffer in Frameworks */ = {isa = PBXBuildFile; productRef = 57353F73AE7FDD33A41883C7 /* IOSSDKSampleBuffer */; };
		C3D4E5F60789012345678903 /* IOSSDKCore in Frameworks */ = {isa = PBXBuildFile; productRef = C3D4E5F60789012345678902 /* IOSSDKCore */; };
		CC54D84D6FFF84EFD9E88026 /* libPods-SimplePlayer.TT.a in Frameworks */ = {isa = PBXBuildFile; fileRef = C82FB07789D58BEF968A1366 /* libPods-SimplePlayer.TT.a */; };
/* End PBXBuildFile section */

/* Begin PBXFileReference section */
		4ADA62966F2EA7C1B36C4C86 /* Pods-SimplePlayer.TT.debug.xcconfig */ = {isa = PBXFileReference; includeInIndex = 1; lastKnownFileType = text.xcconfig; name = "Pods-SimplePlayer.TT.debug.xcconfig"; path = "Target Support Files/Pods-SimplePlayer.TT/Pods-SimplePlayer.TT.debug.xcconfig"; sourceTree = "<group>"; };
		94329FC4BB18B67AE615E5B2 /* Pods-SimplePlayer.TT.release.xcconfig */ = {isa = PBXFileReference; includeInIndex = 1; lastKnownFileType = text.xcconfig; name = "Pods-SimplePlayer.TT.release.xcconfig"; path = "Target Support Files/Pods-SimplePlayer.TT/Pods-SimplePlayer.TT.release.xcconfig"; sourceTree = "<group>"; };
		9B8C3C7C2FB4930B00DEB585 /* SimplePlayer.TT.app */ = {isa = PBXFileReference; explicitFileType = wrapper.application; includeInIndex = 0; path = SimplePlayer.TT.app; sourceTree = BUILT_PRODUCTS_DIR; };
		C82FB07789D58BEF968A1366 /* libPods-SimplePlayer.TT.a */ = {isa = PBXFileReference; explicitFileType = archive.ar; includeInIndex = 0; path = "libPods-SimplePlayer.TT.a"; sourceTree = BUILT_PRODUCTS_DIR; };
/* End PBXFileReference section */

/* Begin PBXFileSystemSynchronizedRootGroup section */
		9B8C3C7E2FB4930B00DEB585 /* SimplePlayer.TT */ = {
			isa = PBXFileSystemSynchronizedRootGroup;
			exceptions = (
			);
			path = SimplePlayer.TT;
			sourceTree = "<group>";
		};
/* End PBXFileSystemSynchronizedRootGroup section */

/* Begin PBXFrameworksBuildPhase section */
		9B8C3C792FB4930B00DEB585 /* Frameworks */ = {
			isa = PBXFrameworksBuildPhase;
			buildActionMask = 2147483647;
			files = (
				CC54D84D6FFF84EFD9E88026 /* libPods-SimplePlayer.TT.a in Frameworks */,
				0525563B5E4FF6475D0ACEDF /* IOSSDKSampleBuffer in Frameworks */,
				C3D4E5F60789012345678903 /* IOSSDKCore in Frameworks */,
			);
			runOnlyForDeploymentPostprocessing = 0;
		};
/* End PBXFrameworksBuildPhase section */

/* Begin PBXGroup section */
		0A86511BE3CBAB95B3BD98C0 /* Frameworks */ = {
			isa = PBXGroup;
			children = (
				C82FB07789D58BEF968A1366 /* libPods-SimplePlayer.TT.a */,
			);
			name = Frameworks;
			sourceTree = "<group>";
		};
		933377555EFB20520F26133B /* Pods */ = {
			isa = PBXGroup;
			children = (
				4ADA62966F2EA7C1B36C4C86 /* Pods-SimplePlayer.TT.debug.xcconfig */,
				94329FC4BB18B67AE615E5B2 /* Pods-SimplePlayer.TT.release.xcconfig */,
			);
			path = Pods;
			sourceTree = "<group>";
		};
		9B8C3C732FB4930B00DEB585 = {
			isa = PBXGroup;
			children = (
				9B8C3C7E2FB4930B00DEB585 /* SimplePlayer.TT */,
				9B8C3C7D2FB4930B00DEB585 /* Products */,
				933377555EFB20520F26133B /* Pods */,
				0A86511BE3CBAB95B3BD98C0 /* Frameworks */,
			);
			sourceTree = "<group>";
		};
		9B8C3C7D2FB4930B00DEB585 /* Products */ = {
			isa = PBXGroup;
			children = (
				9B8C3C7C2FB4930B00DEB585 /* SimplePlayer.TT.app */,
			);
			name = Products;
			sourceTree = "<group>";
		};
/* End PBXGroup section */

/* Begin PBXNativeTarget section */
		9B8C3C7B2FB4930B00DEB585 /* SimplePlayer.TT */ = {
			isa = PBXNativeTarget;
			buildConfigurationList = 9B8C3C872FB4930C00DEB585 /* Build configuration list for PBXNativeTarget "SimplePlayer.TT" */;
			buildPhases = (
				58BDCBBBCD5C27D04166AF7A /* [CP] Check Pods Manifest.lock */,
				9B8C3C782FB4930B00DEB585 /* Sources */,
				9B8C3C792FB4930B00DEB585 /* Frameworks */,
				9B8C3C7A2FB4930B00DEB585 /* Resources */,
				3C24007BC65120DDE6871F9D /* [CP] Embed Pods Frameworks */,
				282476938BE0AC2274182AF5 /* [CP] Copy Pods Resources */,
			);
			buildRules = (
			);
			dependencies = (
			);
			fileSystemSynchronizedGroups = (
				9B8C3C7E2FB4930B00DEB585 /* SimplePlayer.TT */,
			);
			name = SimplePlayer.TT;
			packageProductDependencies = (
				57353F73AE7FDD33A41883C7 /* IOSSDKSampleBuffer */,
				C3D4E5F60789012345678902 /* IOSSDKCore */,
			);
			productName = SimplePlayer.TT;
			productReference = 9B8C3C7C2FB4930B00DEB585 /* SimplePlayer.TT.app */;
			productType = "com.apple.product-type.application";
		};
/* End PBXNativeTarget section */

/* Begin PBXProject section */
		9B8C3C742FB4930B00DEB585 /* Project object */ = {
			isa = PBXProject;
			attributes = {
				BuildIndependentTargetsInParallel = 1;
				LastSwiftUpdateCheck = 2650;
				LastUpgradeCheck = 2650;
				TargetAttributes = {
					9B8C3C7B2FB4930B00DEB585 = {
						CreatedOnToolsVersion = 26.5;
					};
				};
			};
			buildConfigurationList = 9B8C3C772FB4930B00DEB585 /* Build configuration list for PBXProject "SimplePlayer.TT" */;
			developmentRegion = en;
			hasScannedForEncodings = 0;
			knownRegions = (
				en,
				Base,
			);
			mainGroup = 9B8C3C732FB4930B00DEB585;
			minimizedProjectReferenceProxies = 1;
			packageReferences = (
				9968DF8A574CF8377B9EA502 /* XCLocalSwiftPackageReference "Distribution" */,
			);
			preferredProjectObjectVersion = 77;
			productRefGroup = 9B8C3C7D2FB4930B00DEB585 /* Products */;
			projectDirPath = "";
			projectRoot = "";
			targets = (
				9B8C3C7B2FB4930B00DEB585 /* SimplePlayer.TT */,
			);
		};
/* End PBXProject section */

/* Begin PBXResourcesBuildPhase section */
		9B8C3C7A2FB4930B00DEB585 /* Resources */ = {
			isa = PBXResourcesBuildPhase;
			buildActionMask = 2147483647;
			files = (
			);
			runOnlyForDeploymentPostprocessing = 0;
		};
/* End PBXResourcesBuildPhase section */

/* Begin PBXShellScriptBuildPhase section */
		282476938BE0AC2274182AF5 /* [CP] Copy Pods Resources */ = {
			isa = PBXShellScriptBuildPhase;
			buildActionMask = 2147483647;
			files = (
			);
			inputFileListPaths = (
			);
			name = "[CP] Copy Pods Resources";
			outputFileListPaths = (
			);
			runOnlyForDeploymentPostprocessing = 0;
			shellPath = /bin/sh;
			shellScript = "\"${PODS_ROOT}/Target Support Files/Pods-SimplePlayer.TT/Pods-SimplePlayer.TT-resources.sh\"\n";
			showEnvVarsInLog = 0;
		};
		3C24007BC65120DDE6871F9D /* [CP] Embed Pods Frameworks */ = {
			isa = PBXShellScriptBuildPhase;
			buildActionMask = 2147483647;
			files = (
			);
			inputFileListPaths = (
			);
			name = "[CP] Embed Pods Frameworks";
			outputFileListPaths = (
			);
			runOnlyForDeploymentPostprocessing = 0;
			shellPath = /bin/sh;
			shellScript = "\"${PODS_ROOT}/Target Support Files/Pods-SimplePlayer.TT/Pods-SimplePlayer.TT-frameworks.sh\"\n";
			showEnvVarsInLog = 0;
		};
		58BDCBBBCD5C27D04166AF7A /* [CP] Check Pods Manifest.lock */ = {
			isa = PBXShellScriptBuildPhase;
			buildActionMask = 2147483647;
			files = (
			);
			inputFileListPaths = (
			);
			inputPaths = (
				"${PODS_PODFILE_DIR_PATH}/Podfile.lock",
				"${PODS_ROOT}/Manifest.lock",
			);
			name = "[CP] Check Pods Manifest.lock";
			outputFileListPaths = (
			);
			outputPaths = (
				"$(DERIVED_FILE_DIR)/Pods-SimplePlayer.TT-checkManifestLockResult.txt",
			);
			runOnlyForDeploymentPostprocessing = 0;
			shellPath = /bin/sh;
			shellScript = "diff \"${PODS_PODFILE_DIR_PATH}/Podfile.lock\" \"${PODS_ROOT}/Manifest.lock\" > /dev/null\nif [ $? != 0 ] ; then\n    # print error to STDERR\n    echo \"error: The sandbox is not in sync with the Podfile.lock. Run 'pod install' or update your CocoaPods installation.\" >&2\n    exit 1\nfi\n# This output is used by Xcode 'outputs' to avoid re-running this script phase.\necho \"SUCCESS\" > \"${SCRIPT_OUTPUT_FILE_0}\"\n";
			showEnvVarsInLog = 0;
		};
/* End PBXShellScriptBuildPhase section */

/* Begin PBXSourcesBuildPhase section */
		9B8C3C782FB4930B00DEB585 /* Sources */ = {
			isa = PBXSourcesBuildPhase;
			buildActionMask = 2147483647;
			files = (
			);
			runOnlyForDeploymentPostprocessing = 0;
		};
/* End PBXSourcesBuildPhase section */

/* Begin XCBuildConfiguration section */
		9B8C3C852FB4930C00DEB585 /* Debug */ = {
			isa = XCBuildConfiguration;
			buildSettings = {
				ALWAYS_SEARCH_USER_PATHS = NO;
				ASSETCATALOG_COMPILER_GENERATE_SWIFT_ASSET_SYMBOL_EXTENSIONS = YES;
				CLANG_ANALYZER_NONNULL = YES;
				CLANG_ANALYZER_NUMBER_OBJECT_CONVERSION = YES_AGGRESSIVE;
				CLANG_CXX_LANGUAGE_STANDARD = "gnu++20";
				CLANG_ENABLE_MODULES = YES;
				CLANG_ENABLE_OBJC_ARC = YES;
				CLANG_ENABLE_OBJC_WEAK = YES;
				CLANG_WARN_BLOCK_CAPTURE_AUTORELEASING = YES;
				CLANG_WARN_BOOL_CONVERSION = YES;
				CLANG_WARN_COMMA = YES;
				CLANG_WARN_CONSTANT_CONVERSION = YES;
				CLANG_WARN_DEPRECATED_OBJC_IMPLEMENTATIONS = YES;
				CLANG_WARN_DIRECT_OBJC_ISA_USAGE = YES_ERROR;
				CLANG_WARN_DOCUMENTATION_COMMENTS = YES;
				CLANG_WARN_EMPTY_BODY = YES;
				CLANG_WARN_ENUM_CONVERSION = YES;
				CLANG_WARN_INFINITE_RECURSION = YES;
				CLANG_WARN_INT_CONVERSION = YES;
				CLANG_WARN_NON_LITERAL_NULL_CONVERSION = YES;
				CLANG_WARN_OBJC_IMPLICIT_RETAIN_SELF = YES;
				CLANG_WARN_OBJC_LITERAL_CONVERSION = YES;
				CLANG_WARN_OBJC_ROOT_CLASS = YES_ERROR;
				CLANG_WARN_QUOTED_INCLUDE_IN_FRAMEWORK_HEADER = YES;
				CLANG_WARN_RANGE_LOOP_ANALYSIS = YES;
				CLANG_WARN_STRICT_PROTOTYPES = YES;
				CLANG_WARN_SUSPICIOUS_MOVE = YES;
				CLANG_WARN_UNGUARDED_AVAILABILITY = YES_AGGRESSIVE;
				CLANG_WARN_UNREACHABLE_CODE = YES;
				CLANG_WARN__DUPLICATE_METHOD_MATCH = YES;
				COPY_PHASE_STRIP = NO;
				DEBUG_INFORMATION_FORMAT = dwarf;
				DEVELOPMENT_TEAM = 5L5VC24UG2;
				ENABLE_STRICT_OBJC_MSGSEND = YES;
				ENABLE_TESTABILITY = YES;
				ENABLE_USER_SCRIPT_SANDBOXING = NO;
				GCC_C_LANGUAGE_STANDARD = gnu17;
				GCC_DYNAMIC_NO_PIC = NO;
				GCC_NO_COMMON_BLOCKS = YES;
				GCC_OPTIMIZATION_LEVEL = 0;
				GCC_PREPROCESSOR_DEFINITIONS = (
					"DEBUG=1",
					"$(inherited)",
				);
				GCC_WARN_64_TO_32_BIT_CONVERSION = YES;
				GCC_WARN_ABOUT_RETURN_TYPE = YES_ERROR;
				GCC_WARN_UNDECLARED_SELECTOR = YES;
				GCC_WARN_UNINITIALIZED_AUTOS = YES_AGGRESSIVE;
				GCC_WARN_UNUSED_FUNCTION = YES;
				GCC_WARN_UNUSED_VARIABLE = YES;
				IPHONEOS_DEPLOYMENT_TARGET = 26.5;
				LOCALIZATION_PREFERS_STRING_CATALOGS = YES;
				MTL_ENABLE_DEBUG_INFO = INCLUDE_SOURCE;
				MTL_FAST_MATH = YES;
				ONLY_ACTIVE_ARCH = YES;
				SDKROOT = iphoneos;
				SWIFT_ACTIVE_COMPILATION_CONDITIONS = "DEBUG $(inherited)";
				SWIFT_OPTIMIZATION_LEVEL = "-Onone";
			};
			name = Debug;
		};
		9B8C3C862FB4930C00DEB585 /* Release */ = {
			isa = XCBuildConfiguration;
			buildSettings = {
				ALWAYS_SEARCH_USER_PATHS = NO;
				ASSETCATALOG_COMPILER_GENERATE_SWIFT_ASSET_SYMBOL_EXTENSIONS = YES;
				CLANG_ANALYZER_NONNULL = YES;
				CLANG_ANALYZER_NUMBER_OBJECT_CONVERSION = YES_AGGRESSIVE;
				CLANG_CXX_LANGUAGE_STANDARD = "gnu++20";
				CLANG_ENABLE_MODULES = YES;
				CLANG_ENABLE_OBJC_ARC = YES;
				CLANG_ENABLE_OBJC_WEAK = YES;
				CLANG_WARN_BLOCK_CAPTURE_AUTORELEASING = YES;
				CLANG_WARN_BOOL_CONVERSION = YES;
				CLANG_WARN_COMMA = YES;
				CLANG_WARN_CONSTANT_CONVERSION = YES;
				CLANG_WARN_DEPRECATED_OBJC_IMPLEMENTATIONS = YES;
				CLANG_WARN_DIRECT_OBJC_ISA_USAGE = YES_ERROR;
				CLANG_WARN_DOCUMENTATION_COMMENTS = YES;
				CLANG_WARN_EMPTY_BODY = YES;
				CLANG_WARN_ENUM_CONVERSION = YES;
				CLANG_WARN_INFINITE_RECURSION = YES;
				CLANG_WARN_INT_CONVERSION = YES;
				CLANG_WARN_NON_LITERAL_NULL_CONVERSION = YES;
				CLANG_WARN_OBJC_IMPLICIT_RETAIN_SELF = YES;
				CLANG_WARN_OBJC_LITERAL_CONVERSION = YES;
				CLANG_WARN_OBJC_ROOT_CLASS = YES_ERROR;
				CLANG_WARN_QUOTED_INCLUDE_IN_FRAMEWORK_HEADER = YES;
				CLANG_WARN_RANGE_LOOP_ANALYSIS = YES;
				CLANG_WARN_STRICT_PROTOTYPES = YES;
				CLANG_WARN_SUSPICIOUS_MOVE = YES;
				CLANG_WARN_UNGUARDED_AVAILABILITY = YES_AGGRESSIVE;
				CLANG_WARN_UNREACHABLE_CODE = YES;
				CLANG_WARN__DUPLICATE_METHOD_MATCH = YES;
				COPY_PHASE_STRIP = NO;
				DEBUG_INFORMATION_FORMAT = "dwarf-with-dsym";
				DEVELOPMENT_TEAM = 5L5VC24UG2;
				ENABLE_NS_ASSERTIONS = NO;
				ENABLE_STRICT_OBJC_MSGSEND = YES;
				ENABLE_USER_SCRIPT_SANDBOXING = NO;
				GCC_C_LANGUAGE_STANDARD = gnu17;
				GCC_NO_COMMON_BLOCKS = YES;
				GCC_WARN_64_TO_32_BIT_CONVERSION = YES;
				GCC_WARN_ABOUT_RETURN_TYPE = YES_ERROR;
				GCC_WARN_UNDECLARED_SELECTOR = YES;
				GCC_WARN_UNINITIALIZED_AUTOS = YES_AGGRESSIVE;
				GCC_WARN_UNUSED_FUNCTION = YES;
				GCC_WARN_UNUSED_VARIABLE = YES;
				IPHONEOS_DEPLOYMENT_TARGET = 26.5;
				LOCALIZATION_PREFERS_STRING_CATALOGS = YES;
				MTL_ENABLE_DEBUG_INFO = NO;
				MTL_FAST_MATH = YES;
				SDKROOT = iphoneos;
				SWIFT_COMPILATION_MODE = wholemodule;
				VALIDATE_PRODUCT = YES;
			};
			name = Release;
		};
		9B8C3C882FB4930C00DEB585 /* Debug */ = {
			isa = XCBuildConfiguration;
			baseConfigurationReference = 4ADA62966F2EA7C1B36C4C86 /* Pods-SimplePlayer.TT.debug.xcconfig */;
			buildSettings = {
				ASSETCATALOG_COMPILER_APPICON_NAME = AppIcon;
				ASSETCATALOG_COMPILER_GLOBAL_ACCENT_COLOR_NAME = AccentColor;
				CODE_SIGN_STYLE = Automatic;
				CURRENT_PROJECT_VERSION = 1;
				DEVELOPMENT_TEAM = 5L5VC24UG2;
				ENABLE_PREVIEWS = YES;
				GENERATE_INFOPLIST_FILE = YES;
				INFOPLIST_KEY_LSSupportsOpeningDocumentsInPlace = YES;
				INFOPLIST_KEY_NSPhotoLibraryAddUsageDescription = "Saves dumped video frames for antialiasing inspection.";
				INFOPLIST_KEY_UIApplicationSceneManifest_Generation = YES;
				INFOPLIST_KEY_UIApplicationSupportsIndirectInputEvents = YES;
				INFOPLIST_KEY_UILaunchScreen_Generation = YES;
				INFOPLIST_KEY_UISupportedInterfaceOrientations_iPad = "UIInterfaceOrientationPortrait UIInterfaceOrientationPortraitUpsideDown UIInterfaceOrientationLandscapeLeft UIInterfaceOrientationLandscapeRight";
				INFOPLIST_KEY_UISupportedInterfaceOrientations_iPhone = "UIInterfaceOrientationPortrait UIInterfaceOrientationLandscapeLeft UIInterfaceOrientationLandscapeRight";
				LD_RUNPATH_SEARCH_PATHS = (
					"$(inherited)",
					"@executable_path/Frameworks",
				);
				MARKETING_VERSION = 1.0;
				PRODUCT_BUNDLE_IDENTIFIER = "com.xiaoyxue.SimplePlayer-TT";
				PRODUCT_NAME = "$(TARGET_NAME)";
				STRING_CATALOG_GENERATE_SYMBOLS = YES;
				SWIFT_APPROACHABLE_CONCURRENCY = YES;
				SWIFT_DEFAULT_ACTOR_ISOLATION = MainActor;
				SWIFT_EMIT_LOC_STRINGS = YES;
				SWIFT_OBJC_BRIDGING_HEADER = "SimplePlayer.TT/SimplePlayer.TT-Bridging-Header.h";
				SWIFT_UPCOMING_FEATURE_MEMBER_IMPORT_VISIBILITY = YES;
				SWIFT_VERSION = 5.0;
				TARGETED_DEVICE_FAMILY = "1,2";
			};
			name = Debug;
		};
		9B8C3C892FB4930C00DEB585 /* Release */ = {
			isa = XCBuildConfiguration;
			baseConfigurationReference = 94329FC4BB18B67AE615E5B2 /* Pods-SimplePlayer.TT.release.xcconfig */;
			buildSettings = {
				ASSETCATALOG_COMPILER_APPICON_NAME = AppIcon;
				ASSETCATALOG_COMPILER_GLOBAL_ACCENT_COLOR_NAME = AccentColor;
				CODE_SIGN_STYLE = Automatic;
				CURRENT_PROJECT_VERSION = 1;
				DEVELOPMENT_TEAM = 5L5VC24UG2;
				ENABLE_PREVIEWS = YES;
				GENERATE_INFOPLIST_FILE = YES;
				INFOPLIST_KEY_LSSupportsOpeningDocumentsInPlace = YES;
				INFOPLIST_KEY_NSPhotoLibraryAddUsageDescription = "Saves dumped video frames for antialiasing inspection.";
				INFOPLIST_KEY_UIApplicationSceneManifest_Generation = YES;
				INFOPLIST_KEY_UIApplicationSupportsIndirectInputEvents = YES;
				INFOPLIST_KEY_UILaunchScreen_Generation = YES;
				INFOPLIST_KEY_UISupportedInterfaceOrientations_iPad = "UIInterfaceOrientationPortrait UIInterfaceOrientationPortraitUpsideDown UIInterfaceOrientationLandscapeLeft UIInterfaceOrientationLandscapeRight";
				INFOPLIST_KEY_UISupportedInterfaceOrientations_iPhone = "UIInterfaceOrientationPortrait UIInterfaceOrientationLandscapeLeft UIInterfaceOrientationLandscapeRight";
				LD_RUNPATH_SEARCH_PATHS = (
					"$(inherited)",
					"@executable_path/Frameworks",
				);
				MARKETING_VERSION = 1.0;
				PRODUCT_BUNDLE_IDENTIFIER = "com.xiaoyxue.SimplePlayer-TT";
				PRODUCT_NAME = "$(TARGET_NAME)";
				STRING_CATALOG_GENERATE_SYMBOLS = YES;
				SWIFT_APPROACHABLE_CONCURRENCY = YES;
				SWIFT_DEFAULT_ACTOR_ISOLATION = MainActor;
				SWIFT_EMIT_LOC_STRINGS = YES;
				SWIFT_OBJC_BRIDGING_HEADER = "SimplePlayer.TT/SimplePlayer.TT-Bridging-Header.h";
				SWIFT_UPCOMING_FEATURE_MEMBER_IMPORT_VISIBILITY = YES;
				SWIFT_VERSION = 5.0;
				TARGETED_DEVICE_FAMILY = "1,2";
			};
			name = Release;
		};
/* End XCBuildConfiguration section */

/* Begin XCConfigurationList section */
		9B8C3C772FB4930B00DEB585 /* Build configuration list for PBXProject "SimplePlayer.TT" */ = {
			isa = XCConfigurationList;
			buildConfigurations = (
				9B8C3C852FB4930C00DEB585 /* Debug */,
				9B8C3C862FB4930C00DEB585 /* Release */,
			);
			defaultConfigurationIsVisible = 0;
			defaultConfigurationName = Release;
		};
		9B8C3C872FB4930C00DEB585 /* Build configuration list for PBXNativeTarget "SimplePlayer.TT" */ = {
			isa = XCConfigurationList;
			buildConfigurations = (
				9B8C3C882FB4930C00DEB585 /* Debug */,
				9B8C3C892FB4930C00DEB585 /* Release */,
			);
			defaultConfigurationIsVisible = 0;
			defaultConfigurationName = Release;
		};
/* End XCConfigurationList section */

/* Begin XCLocalSwiftPackageReference section */
		9968DF8A574CF8377B9EA502 /* XCLocalSwiftPackageReference "Distribution" */ = {
			isa = XCLocalSwiftPackageReference;
			relativePath = ../../Distribution;
		};
/* End XCLocalSwiftPackageReference section */

/* Begin XCSwiftPackageProductDependency section */
		57353F73AE7FDD33A41883C7 /* IOSSDKSampleBuffer */ = {
			isa = XCSwiftPackageProductDependency;
			package = 9968DF8A574CF8377B9EA502 /* XCLocalSwiftPackageReference "Distribution" */;
			productName = IOSSDKSampleBuffer;
		};
		C3D4E5F60789012345678902 /* IOSSDKCore */ = {
			isa = XCSwiftPackageProductDependency;
			package = 9968DF8A574CF8377B9EA502 /* XCLocalSwiftPackageReference "Distribution" */;
			productName = IOSSDKCore;
		};
/* End XCSwiftPackageProductDependency section */
	};
	rootObject = 9B8C3C742FB4930B00DEB585 /* Project object */;
}
